// !$*UTF8*$!
{
	archiveVersion = 1;
	classes = {
	};
	objectVersion = 50;
	objects = {

/* Begin PBXBuildFile section */
		CF02D44D21A22D0F00065317 /* AgeNet.mlmodel in Sources */ = {isa = PBXBuildFile; fileRef = CF02D44C21A22D0F00065317 /* AgeNet.mlmodel */; };
		CF656F9E21A21E680040DE29 /* AppDelegate.swift in Sources */ = {isa = PBXBuildFile; fileRef = CF656F9D21A21E680040DE29 /* AppDelegate.swift */; };
		CF656FA021A21E680040DE29 /* ViewController.swift in Sources */ = {isa = PBXBuildFile; fileRef = CF656F9F21A21E680040DE29 /* ViewController.swift */; };
		CF656FA321A21E680040DE29 /* Main.storyboard in Resources */ = {isa = PBXBuildFile; fileRef = CF656FA121A21E680040DE29 /* Main.storyboard */; };
		CF656FA521A21E6A0040DE29 /* Assets.xcassets in Resources */ = {isa = PBXBuildFile; fileRef = CF656FA421A21E6A0040DE29 /* Assets.xcassets */; };
		CF656FA821A21E6A0040DE29 /* LaunchScreen.storyboard in Resources */ = {isa = PBXBuildFile; fileRef = CF656FA621A21E6A0040DE29 /* LaunchScreen.storyboard */; };
		CF656FB321A21E6A0040DE29 /* CoreML2Tests.swift in Sources */ = {isa = PBXBuildFile; fileRef = CF656FB221A21E6A0040DE29 /* CoreML2Tests.swift */; };
		CF656FBE21A21E6A0040DE29 /* CoreML2UITests.swift in Sources */ = {isa = PBXBuildFile; fileRef = CF656FBD21A21E6A0040DE29 /* CoreML2UITests.swift */; };
/* End PBXBuildFile section */

/* Begin PBXContainerItemProxy section */
		CF656FAF21A21E6A0040DE29 /* PBXContainerItemProxy */ = {
			isa = PBXContainerItemProxy;
			containerPortal = CF656F9221A21E680040DE29 /* Project object */;
			proxyType = 1;
			remoteGlobalIDString = CF656F9921A21E680040DE29;
			remoteInfo = CoreML2;
		};
		CF656FBA21A21E6A0040DE29 /* PBXContainerItemProxy */ = {
			isa = PBXContainerItemProxy;
			containerPortal = CF656F9221A21E680040DE29 /* Project object */;
			proxyType = 1;
			remoteGlobalIDString = CF656F9921A21E680040DE29;
			remoteInfo = CoreML2;
		};
/* End PBXContainerItemProxy section */

/* Begin PBXFileReference section */
		CF02D44C21A22D0F00065317 /* AgeNet.mlmodel */ = {isa = PBXFileReference; lastKnownFileType = file.mlmodel; path = AgeNet.mlmodel; sourceTree = "<group>"; };
		CF656F9A21A21E680040DE29 /* CoreML2.app */ = {isa = PBXFileReference; explicitFileType = wrapper.application; includeInIndex = 0; path = CoreML2.app; sourceTree = BUILT_PRODUCTS_DIR; };
		CF656F9D21A21E680040DE29 /* AppDelegate.swift */ = {isa = PBXFileReference; lastKnownFileType = sourcecode.swift; path = AppDelegate.swift; sourceTree = "<group>"; };
		CF656F9F21A21E680040DE29 /* ViewController.swift */ = {isa = PBXFileReference; lastKnownFileType = sourcecode.swift; path = ViewController.swift; sourceTree = "<group>"; };
		CF656FA221A21E680040DE29 /* Base */ = {isa = PBXFileReference; lastKnownFileType = file.storyboard; name = Base; path = Base.lproj/Main.storyboard; sourceTree = "<group>"; };
		CF656FA421A21E6A0040DE29 /* Assets.xcassets */ = {isa = PBXFileReference; lastKnownFileType = folder.assetcatalog; path = Assets.xcassets; sourceTree = "<group>"; };
		CF656FA721A21E6A0040DE29 /* Base */ = {isa = PBXFileReference; lastKnownFileType = file.storyboard; name = Base; path = Base.lproj/LaunchScreen.storyboard; sourceTree = "<group>"; };
		CF656FA921A21E6A0040DE29 /* Info.plist */ = {isa = PBXFileReference; lastKnownFileType = text.plist.xml; path = Info.plist; sourceTree = "<group>"; };
		CF656FAE21A21E6A0040DE29 /* CoreML2Tests.xctest */ = {isa = PBXFileReference; explicitFileType = wrapper.cfbundle; includeInIndex = 0; path = CoreML2Tests.xctest; sourceTree = BUILT_PRODUCTS_DIR; };
		CF656FB221A21E6A0040DE29 /* CoreML2Tests.swift */ = {isa = PBXFileReference; lastKnownFileType = sourcecode.swift; path = CoreML2Tests.swift; sourceTree = "<group>"; };
		CF656FB421A21E6A0040DE29 /* Info.plist */ = {isa = PBXFileReference; lastKnownFileType = text.plist.xml; path = Info.plist; sourceTree = "<group>"; };
		CF656FB921A21E6A0040DE29 /* CoreML2UITests.xctest */ = {isa = PBXFileReference; explicitFileType = wrapper.cfbundle; includeInIndex = 0; path = CoreML2UITests.xctest; sourceTree = BUILT_PRODUCTS_DIR; };
		CF656FBD21A21E6A0040DE29 /* CoreML2UITests.swift */ = {isa = PBXFileReference; lastKnownFileType = sourcecode.swift; path = CoreML2UITests.swift; sourceTree = "<group>"; };
		CF656FBF21A21E6A0040DE29 /* Info.plist */ = {isa = PBXFileReference; lastKnownFileType = text.plist.xml; path = Info.plist; sourceTree = "<group>"; };
/* End PBXFileReference section */

/* Begin PBXFrameworksBuildPhase section */
		CF656F9721A21E680040DE29 /* Frameworks */ = {
			isa = PBXFrameworksBuildPhase;
			buildActionMask = 2147483647;
			files = (
			);
			runOnlyForDeploymentPostprocessing = 0;
		};
		CF656FAB21A21E6A0040DE29 /* Frameworks */ = {
			isa = PBXFrameworksBuildPhase;
			buildActionMask = 2147483647;
			files = (
			);
			runOnlyForDeploymentPostprocessing = 0;
		};
		CF656FB621A21E6A0040DE29 /* Frameworks */ = {
			isa = PBXFrameworksBuildPhase;
			buildActionMask = 2147483647;
			files = (
			);
			runOnlyForDeploymentPostprocessing = 0;
		};
/* End PBXFrameworksBuildPhase section */

/* Begin PBXGroup section */
		CF656F9121A21E680040DE29 = {
			isa = PBXGroup;
			children = (
				CF656F9C21A21E680040DE29 /* CoreML2 */,
				CF656FB121A21E6A0040DE29 /* CoreML2Tests */,
				CF656FBC21A21E6A0040DE29 /* CoreML2UITests */,
				CF656F9B21A21E680040DE29 /* Products */,
			);
			sourceTree = "<group>";
		};
		CF656F9B21A21E680040DE29 /* Products */ = {
			isa = PBXGroup;
			children = (
				CF656F9A21A21E680040DE29 /* CoreML2.app */,
				CF656FAE21A21E6A0040DE29 /* CoreML2Tests.xctest */,
				CF656FB921A21E6A0040DE29 /* CoreML2UITests.xctest */,
			);
			name = Products;
			sourceTree = "<group>";
		};
		CF656F9C21A21E680040DE29 /* CoreML2 */ = {
			isa = PBXGroup;
			children = (
				CF656F9D21A21E680040DE29 /* AppDelegate.swift */,
				CF656F9F21A21E680040DE29 /* ViewController.swift */,
				CF656FA121A21E680040DE29 /* Main.storyboard */,
				CF656FA421A21E6A0040DE29 /* Assets.xcassets */,
				CF656FA621A21E6A0040DE29 /* LaunchScreen.storyboard */,
				CF656FA921A21E6A0040DE29 /* Info.plist */,
				CF02D44C21A22D0F00065317 /* AgeNet.mlmodel */,
			);
			path = CoreML2;
			sourceTree = "<group>";
		};
		CF656FB121A21E6A0040DE29 /* CoreML2Tests */ = {
			isa = PBXGroup;
			children = (
				CF656FB221A21E6A0040DE29 /* CoreML2Tests.swift */,
				CF656FB421A21E6A0040DE29 /* Info.plist */,
			);
			path = CoreML2Tests;
			sourceTree = "<group>";
		};
		CF656FBC21A21E6A0040DE29 /* CoreML2UITests */ = {
			isa = PBXGroup;
			children = (
				CF656FBD21A21E6A0040DE29 /* CoreML2UITests.swift */,
				CF656FBF21A21E6A0040DE29 /* Info.plist */,
			);
			path = CoreML2UITests;
			sourceTree = "<group>";
		};
/* End PBXGroup section */

/* Begin PBXNativeTarget section */
		CF656F9921A21E680040DE29 /* CoreML2 */ = {
			isa = PBXNativeTarget;
			buildConfigurationList = CF656FC221A21E6A0040DE29 /* Build configuration list for PBXNativeTarget "CoreML2" */;
			buildPhases = (
				CF656F9621A21E680040DE29 /* Sources */,
				CF656F9721A21E680040DE29 /* Frameworks */,
				CF656F9821A21E680040DE29 /* Resources */,
			);
			buildRules = (
			);
			dependencies = (
			);
			name = CoreML2;
			productName = CoreML2;
			productReference = CF656F9A21A21E680040DE29 /* CoreML2.app */;
			productType = "com.apple.product-type.application";
		};
		CF656FAD21A21E6A0040DE29 /* CoreML2Tests */ = {
			isa = PBXNativeTarget;
			buildConfigurationList = CF656FC521A21E6A0040DE29 /* Build configuration list for PBXNativeTarget "CoreML2Tests" */;
			buildPhases = (
				CF656FAA21A21E6A0040DE29 /* Sources */,
				CF656FAB21A21E6A0040DE29 /* Frameworks */,
				CF656FAC21A21E6A0040DE29 /* Resources */,
			);
			buildRules = (
			);
			dependencies = (
				CF656FB021A21E6A0040DE29 /* PBXTargetDependency */,
			);
			name = CoreML2Tests;
			productName = CoreML2Tests;
			productReference = CF656FAE21A21E6A0040DE29 /* CoreML2Tests.xctest */;
			productType = "com.apple.product-type.bundle.unit-test";
		};
		CF656FB821A21E6A0040DE29 /* CoreML2UITests */ = {
			isa = PBXNativeTarget;
			buildConfigurationList = CF656FC821A21E6A0040DE29 /* Build configuration list for PBXNativeTarget "CoreML2UITests" */;
			buildPhases = (
				CF656FB521A21E6A0040DE29 /* Sources */,
				CF656FB621A21E6A0040DE29 /* Frameworks */,
				CF656FB721A21E6A0040DE29 /* Resources */,
			);
			buildRules = (
			);
			dependencies = (
				CF656FBB21A21E6A0040DE29 /* PBXTargetDependency */,
			);
			name = CoreML2UITests;
			productName = CoreML2UITests;
			productReference = CF656FB921A21E6A0040DE29 /* CoreML2UITests.xctest */;
			productType = "com.apple.product-type.bundle.ui-testing";
		};
/* End PBXNativeTarget section */

/* Begin PBXProject section */
		CF656F9221A21E680040DE29 /* Project object */ = {
			isa = PBXProject;
			attributes = {
				LastSwiftUpdateCheck = 1010;
				LastUpgradeCheck = 1010;
				ORGANIZATIONNAME = layik;
				TargetAttributes = {
					CF656F9921A21E680040DE29 = {
						CreatedOnToolsVersion = 10.1;
					};
					CF656FAD21A21E6A0040DE29 = {
						CreatedOnToolsVersion = 10.1;
						TestTargetID = CF656F9921A21E680040DE29;
					};
					CF656FB821A21E6A0040DE29 = {
						CreatedOnToolsVersion = 10.1;
						TestTargetID = CF656F9921A21E680040DE29;
					};
				};
			};
			buildConfigurationList = CF656F9521A21E680040DE29 /* Build configuration list for PBXProject "CoreML2" */;
			compatibilityVersion = "Xcode 9.3";
			developmentRegion = en;
			hasScannedForEncodings = 0;
			knownRegions = (
				en,
				Base,
			);
			mainGroup = CF656F9121A21E680040DE29;
			productRefGroup = CF656F9B21A21E680040DE29 /* Products */;
			projectDirPath = "";
			projectRoot = "";
			targets = (
				CF656F9921A21E680040DE29 /* CoreML2 */,
				CF656FAD21A21E6A0040DE29 /* CoreML2Tests */,
				CF656FB821A21E6A0040DE29 /* CoreML2UITests */,
			);
		};
/* End PBXProject section */

/* Begin PBXResourcesBuildPhase section */
		CF656F9821A21E680040DE29 /* Resources */ = {
			isa = PBXResourcesBuildPhase;
			buildActionMask = 2147483647;
			files = (
				CF656FA821A21E6A0040DE29 /* LaunchScreen.storyboard in Resources */,
				CF656FA521A21E6A0040DE29 /* Assets.xcassets in Resources */,
				CF656FA321A21E680040DE29 /* Main.storyboard in Resources */,
			);
			runOnlyForDeploymentPostprocessing = 0;
		};
		CF656FAC21A21E6A0040DE29 /* Resources */ = {
			isa = PBXResourcesBuildPhase;
			buildActionMask = 2147483647;
			files = (
			);
			runOnlyForDeploymentPostprocessing = 0;
		};
		CF656FB721A21E6A0040DE29 /* Resources */ = {
			isa = PBXResourcesBuildPhase;
			buildActionMask = 2147483647;
			files = (
			);
			runOnlyForDeploymentPostprocessing = 0;
		};
/* End PBXResourcesBuildPhase section */

/* Begin PBXSourcesBuildPhase section */
		CF656F9621A21E680040DE29 /* Sources */ = {
			isa = PBXSourcesBuildPhase;
			buildActionMask = 2147483647;
			files = (
				CF656FA021A21E680040DE29 /* ViewController.swift in Sources */,
				CF656F9E21A21E680040DE29 /* AppDelegate.swift in Sources */,
				CF02D44D21A22D0F00065317 /* AgeNet.mlmodel in Sources */,
			);
			runOnlyForDeploymentPostprocessing = 0;
		};
		CF656FAA21A21E6A0040DE29 /* Sources */ = {
			isa = PBXSourcesBuildPhase;
			buildActionMask = 2147483647;
			files = (
				CF656FB321A21E6A0040DE29 /* CoreML2Tests.swift in Sources */,
			);
			runOnlyForDeploymentPostprocessing = 0;
		};
		CF656FB521A21E6A0040DE29 /* Sources */ = {
			isa = PBXSourcesBuildPhase;
			buildActionMask = 2147483647;
			files = (
				CF656FBE21A21E6A0040DE29 /* CoreML2UITests.swift in Sources */,
			);
			runOnlyForDeploymentPostprocessing = 0;
		};
/* End PBXSourcesBuildPhase section */

/* Begin PBXTargetDependency section */
		CF656FB021A21E6A0040DE29 /* PBXTargetDependency */ = {
			isa = PBXTargetDependency;
			target = CF656F9921A21E680040DE29 /* CoreML2 */;
			targetProxy = CF656FAF21A21E6A0040DE29 /* PBXContainerItemProxy */;
		};
		CF656FBB21A21E6A0040DE29 /* PBXTargetDependency */ = {
			isa = PBXTargetDependency;
			target = CF656F9921A21E680040DE29 /* CoreML2 */;
			targetProxy = CF656FBA21A21E6A0040DE29 /* PBXContainerItemProxy */;
		};
/* End PBXTargetDependency section */

/* Begin PBXVariantGroup section */
		CF656FA121A21E680040DE29 /* Main.storyboard */ = {
			isa = PBXVariantGroup;
			children = (
				CF656FA221A21E680040DE29 /* Base */,
			);
			name = Main.storyboard;
			sourceTree = "<group>";
		};
		CF656FA621A21E6A0040DE29 /* LaunchScreen.storyboard */ = {
			isa = PBXVariantGroup;
			children = (
				CF656FA721A21E6A0040DE29 /* Base */,
			);
			name = LaunchScreen.storyboard;
			sourceTree = "<group>";
		};
/* End PBXVariantGroup section */

/* Begin XCBuildConfiguration section */
		CF656FC021A21E6A0040DE29 /* Debug */ = {
			isa = XCBuildConfiguration;
			buildSettings = {
				ALWAYS_SEARCH_USER_PATHS = NO;
				CLANG_ANALYZER_NONNULL = YES;
				CLANG_ANALYZER_NUMBER_OBJECT_CONVERSION = YES_AGGRESSIVE;
				CLANG_CXX_LANGUAGE_STANDARD = "gnu++14";
				CLANG_CXX_LIBRARY = "libc++";
				CLANG_ENABLE_MODULES = YES;
				CLANG_ENABLE_OBJC_ARC = YES;
				CLANG_ENABLE_OBJC_WEAK = YES;
				CLANG_WARN_BLOCK_CAPTURE_AUTORELEASING = YES;
				CLANG_WARN_BOOL_CONVERSION = YES;
				CLANG_WARN_COMMA = YES;
				CLANG_WARN_CONSTANT_CONVERSION = YES;
				CLANG_WARN_DEPRECATED_OBJC_IMPLEMENTATIONS = YES;
				CLANG_WARN_DIRECT_OBJC_ISA_USAGE = YES_ERROR;
				CLANG_WARN_DOCUMENTATION_COMMENTS = YES;
				CLANG_WARN_EMPTY_BODY = YES;
				CLANG_WARN_ENUM_CONVERSION = YES;
				CLANG_WARN_INFINITE_RECURSION = YES;
				CLANG_WARN_INT_CONVERSION = YES;
				CLANG_WARN_NON_LITERAL_NULL_CONVERSION = YES;
				CLANG_WARN_OBJC_IMPLICIT_RETAIN_SELF = YES;
				CLANG_WARN_OBJC_LITERAL_CONVERSION = YES;
				CLANG_WARN_OBJC_ROOT_CLASS = YES_ERROR;
				CLANG_WARN_RANGE_LOOP_ANALYSIS = YES;
				CLANG_WARN_STRICT_PROTOTYPES = YES;
				CLANG_WARN_SUSPICIOUS_MOVE = YES;
				CLANG_WARN_UNGUARDED_AVAILABILITY = YES_AGGRESSIVE;
				CLANG_WARN_UNREACHABLE_CODE = YES;
				CLANG_WARN__DUPLICATE_METHOD_MATCH = YES;
				CODE_SIGN_IDENTITY = "iPhone Developer";
				COPY_PHASE_STRIP = NO;
				DEBUG_INFORMATION_FORMAT = dwarf;
				ENABLE_STRICT_OBJC_MSGSEND = YES;
				ENABLE_TESTABILITY = YES;
				GCC_C_LANGUAGE_STANDARD = gnu11;
				GCC_DYNAMIC_NO_PIC = NO;
				GCC_NO_COMMON_BLOCKS = YES;
				GCC_OPTIMIZATION_LEVEL = 0;
				GCC_PREPROCESSOR_DEFINITIONS = (
					"DEBUG=1",
					"$(inherited)",
				);
				GCC_WARN_64_TO_32_BIT_CONVERSION = YES;
				GCC_WARN_ABOUT_RETURN_TYPE = YES_ERROR;
				GCC_WARN_UNDECLARED_SELECTOR = YES;
				GCC_WARN_UNINITIALIZED_AUTOS = YES_AGGRESSIVE;
				GCC_WARN_UNUSED_FUNCTION = YES;
				GCC_WARN_UNUSED_VARIABLE = YES;
				IPHONEOS_DEPLOYMENT_TARGET = 12.1;
				MTL_ENABLE_DEBUG_INFO = INCLUDE_SOURCE;
				MTL_FAST_MATH = YES;
				ONLY_ACTIVE_ARCH = YES;
				SDKROOT = iphoneos;
				SWIFT_ACTIVE_COMPILATION_CONDITIONS = DEBUG;
				SWIFT_OPTIMIZATION_LEVEL = "-Onone";
			};
			name = Debug;
		};
		CF656FC121A21E6A0040DE29 /* Release */ = {
			isa = XCBuildConfiguration;
			buildSettings = {
				ALWAYS_SEARCH_USER_PATHS = NO;
				CLANG_ANALYZER_NONNULL = YES;
				CLANG_ANALYZER_NUMBER_OBJECT_CONVERSION = YES_AGGRESSIVE;
				CLANG_CXX_LANGUAGE_STANDARD = "gnu++14";
				CLANG_CXX_LIBRARY = "libc++";
				CLANG_ENABLE_MODULES = YES;
				CLANG_ENABLE_OBJC_ARC = YES;
				CLANG_ENABLE_OBJC_WEAK = YES;
				CLANG_WARN_BLOCK_CAPTURE_AUTORELEASING = YES;
				CLANG_WARN_BOOL_CONVERSION = YES;
				CLANG_WARN_COMMA = YES;
				CLANG_WARN_CONSTANT_CONVERSION = YES;
				CLANG_WARN_DEPRECATED_OBJC_IMPLEMENTATIONS = YES;
				CLANG_WARN_DIRECT_OBJC_ISA_USAGE = YES_ERROR;
				CLANG_WARN_DOCUMENTATION_COMMENTS = YES;
				CLANG_WARN_EMPTY_BODY = YES;
				CLANG_WARN_ENUM_CONVERSION = YES;
				CLANG_WARN_INFINITE_RECURSION = YES;
				CLANG_WARN_INT_CONVERSION = YES;
				CLANG_WARN_NON_LITERAL_NULL_CONVERSION = YES;
				CLANG_WARN_OBJC_IMPLICIT_RETAIN_SELF = YES;
				CLANG_WARN_OBJC_LITERAL_CONVERSION = YES;
				CLANG_WARN_OBJC_ROOT_CLASS = YES_ERROR;
				CLANG_WARN_RANGE_LOOP_ANALYSIS = YES;
				CLANG_WARN_STRICT_PROTOTYPES = YES;
				CLANG_WARN_SUSPICIOUS_MOVE = YES;
				CLANG_WARN_UNGUARDED_AVAILABILITY = YES_AGGRESSIVE;
				CLANG_WARN_UNREACHABLE_CODE = YES;
				CLANG_WARN__DUPLICATE_METHOD_MATCH = YES;
				CODE_SIGN_IDENTITY = "iPhone Developer";
				COPY_PHASE_STRIP = NO;
				DEBUG_INFORMATION_FORMAT = "dwarf-with-dsym";
				ENABLE_NS_ASSERTIONS = NO;
				ENABLE_STRICT_OBJC_MSGSEND = YES;
				GCC_C_LANGUAGE_STANDARD = gnu11;
				GCC_NO_COMMON_BLOCKS = YES;
				GCC_WARN_64_TO_32_BIT_CONVERSION = YES;
				GCC_WARN_ABOUT_RETURN_TYPE = YES_ERROR;
				GCC_WARN_UNDECLARED_SELECTOR = YES;
				GCC_WARN_UNINITIALIZED_AUTOS = YES_AGGRESSIVE;
				GCC_WARN_UNUSED_FUNCTION = YES;
				GCC_WARN_UNUSED_VARIABLE = YES;
				IPHONEOS_DEPLOYMENT_TARGET = 12.1;
				MTL_ENABLE_DEBUG_INFO = NO;
				MTL_FAST_MATH = YES;
				SDKROOT = iphoneos;
				SWIFT_COMPILATION_MODE = wholemodule;
				SWIFT_OPTIMIZATION_LEVEL = "-O";
				VALIDATE_PRODUCT = YES;
			};
			name = Release;
		};
		CF656FC321A21E6A0040DE29 /* Debug */ = {
			isa = XCBuildConfiguration;
			buildSettings = {
				ASSETCATALOG_COMPILER_APPICON_NAME = AppIcon;
				CODE_SIGN_STYLE = Automatic;
				INFOPLIST_FILE = CoreML2/Info.plist;
				LD_RUNPATH_SEARCH_PATHS = (
					"$(inherited)",
					"@executable_path/Frameworks",
				);
				PRODUCT_BUNDLE_IDENTIFIER = uk.co.softcode.CoreML2;
				PRODUCT_NAME = "$(TARGET_NAME)";
				SWIFT_VERSION = 4.2;
				TARGETED_DEVICE_FAMILY = "1,2";
			};
			name = Debug;
		};
		CF656FC421A21E6A0040DE29 /* Release */ = {
			isa = XCBuildConfiguration;
			buildSettings = {
				ASSETCATALOG_COMPILER_APPICON_NAME = AppIcon;
				CODE_SIGN_STYLE = Automatic;
				INFOPLIST_FILE = CoreML2/Info.plist;
				LD_RUNPATH_SEARCH_PATHS = (
					"$(inherited)",
					"@executable_path/Frameworks",
				);
				PRODUCT_BUNDLE_IDENTIFIER = uk.co.softcode.CoreML2;
				PRODUCT_NAME = "$(TARGET_NAME)";
				SWIFT_VERSION = 4.2;
				TARGETED_DEVICE_FAMILY = "1,2";
			};
			name = Release;
		};
		CF656FC621A21E6A0040DE29 /* Debug */ = {
			isa = XCBuildConfiguration;
			buildSettings = {
				ALWAYS_EMBED_SWIFT_STANDARD_LIBRARIES = YES;
				BUNDLE_LOADER = "$(TEST_HOST)";
				CODE_SIGN_STYLE = Automatic;
				INFOPLIST_FILE = CoreML2Tests/Info.plist;
				LD_RUNPATH_SEARCH_PATHS = (
					"$(inherited)",
					"@executable_path/Frameworks",
					"@loader_path/Frameworks",
				);
				PRODUCT_BUNDLE_IDENTIFIER = uk.co.softcode.CoreML2Tests;
				PRODUCT_NAME = "$(TARGET_NAME)";
				SWIFT_VERSION = 4.2;
				TARGETED_DEVICE_FAMILY = "1,2";
				TEST_HOST = "$(BUILT_PRODUCTS_DIR)/CoreML2.app/CoreML2";
			};
			name = Debug;
		};
		CF656FC721A21E6A0040DE29 /* Release */ = {
			isa = XCBuildConfiguration;
			buildSettings = {
				ALWAYS_EMBED_SWIFT_STANDARD_LIBRARIES = YES;
				BUNDLE_LOADER = "$(TEST_HOST)";
				CODE_SIGN_STYLE = Automatic;
				INFOPLIST_FILE = CoreML2Tests/Info.plist;
				LD_RUNPATH_SEARCH_PATHS = (
					"$(inherited)",
					"@executable_path/Frameworks",
					"@loader_path/Frameworks",
				);
				PRODUCT_BUNDLE_IDENTIFIER = uk.co.softcode.CoreML2Tests;
				PRODUCT_NAME = "$(TARGET_NAME)";
				SWIFT_VERSION = 4.2;
				TARGETED_DEVICE_FAMILY = "1,2";
				TEST_HOST = "$(BUILT_PRODUCTS_DIR)/CoreML2.app/CoreML2";
			};
			name = Release;
		};
		CF656FC921A21E6A0040DE29 /* Debug */ = {
			isa = XCBuildConfiguration;
			buildSettings = {
				ALWAYS_EMBED_SWIFT_STANDARD_LIBRARIES = YES;
				CODE_SIGN_STYLE = Automatic;
				INFOPLIST_FILE = CoreML2UITests/Info.plist;
				LD_RUNPATH_SEARCH_PATHS = (
					"$(inherited)",
					"@executable_path/Frameworks",
					"@loader_path/Frameworks",
				);
				PRODUCT_BUNDLE_IDENTIFIER = uk.co.softcode.CoreML2UITests;
				PRODUCT_NAME = "$(TARGET_NAME)";
				SWIFT_VERSION = 4.2;
				TARGETED_DEVICE_FAMILY = "1,2";
				TEST_TARGET_NAME = CoreML2;
			};
			name = Debug;
		};
		CF656FCA21A21E6A0040DE29 /* Release */ = {
			isa = XCBuildConfiguration;
			buildSettings = {
				ALWAYS_EMBED_SWIFT_STANDARD_LIBRARIES = YES;
				CODE_SIGN_STYLE = Automatic;
				INFOPLIST_FILE = CoreML2UITests/Info.plist;
				LD_RUNPATH_SEARCH_PATHS = (
					"$(inherited)",
					"@executable_path/Frameworks",
					"@loader_path/Frameworks",
				);
				PRODUCT_BUNDLE_IDENTIFIER = uk.co.softcode.CoreML2UITests;
				PRODUCT_NAME = "$(TARGET_NAME)";
				SWIFT_VERSION = 4.2;
				TARGETED_DEVICE_FAMILY = "1,2";
				TEST_TARGET_NAME = CoreML2;
			};
			name = Release;
		};
/* End XCBuildConfiguration section */

/* Begin XCConfigurationList section */
		CF656F9521A21E680040DE29 /* Build configuration list for PBXProject "CoreML2" */ = {
			isa = XCConfigurationList;
			buildConfigurations = (
				CF656FC021A21E6A0040DE29 /* Debug */,
				CF656FC121A21E6A0040DE29 /* Release */,
			);
			defaultConfigurationIsVisible = 0;
			defaultConfigurationName = Release;
		};
		CF656FC221A21E6A0040DE29 /* Build configuration list for PBXNativeTarget "CoreML2" */ = {
			isa = XCConfigurationList;
			buildConfigurations = (
				CF656FC321A21E6A0040DE29 /* Debug */,
				CF656FC421A21E6A0040DE29 /* Release */,
			);
			defaultConfigurationIsVisible = 0;
			defaultConfigurationName = Release;
		};
		CF656FC521A21E6A0040DE29 /* Build configuration list for PBXNativeTarget "CoreML2Tests" */ = {
			isa = XCConfigurationList;
			buildConfigurations = (
				CF656FC621A21E6A0040DE29 /* Debug */,
				CF656FC721A21E6A0040DE29 /* Release */,
			);
			defaultConfigurationIsVisible = 0;
			defaultConfigurationName = Release;
		};
		CF656FC821A21E6A0040DE29 /* Build configuration list for PBXNativeTarget "CoreML2UITests" */ = {
			isa = XCConfigurationList;
			buildConfigurations = (
				CF656FC921A21E6A0040DE29 /* Debug */,
				CF656FCA21A21E6A0040DE29 /* Release */,
			);
			defaultConfigurationIsVisible = 0;
			defaultConfigurationName = Release;
		};
/* End XCConfigurationList section */
	};
	rootObject = CF656F9221A21E680040DE29 /* Project object */;
}
